# THIS IS AN AUTOGENERATED FILE. DO NOT EDIT THIS FILE DIRECTLY.
# yarn lockfile v1


"@layerzerolabs/lz-evm-messagelib-v2@^3.0.5":
  version "3.0.5"
  resolved "https://registry.yarnpkg.com/@layerzerolabs/lz-evm-messagelib-v2/-/lz-evm-messagelib-v2-3.0.5.tgz#c6d95906fc29a3c9642a33cecfde66c8007086a4"
  integrity sha512-Qeu5aFSrjU7VsZu8zwCtgFzBCEOlfHq1pthhmqfGB0qCJJ3UYhIfXTc07eD/QmvuLubPo8INh4jcxL/qLffz8g==

"@layerzerolabs/lz-evm-protocol-v2@^3.0.5":
  version "3.0.5"
  resolved "https://registry.yarnpkg.com/@layerzerolabs/lz-evm-protocol-v2/-/lz-evm-protocol-v2-3.0.5.tgz#4854169d93ea988bce945c2bb32b031700379cc0"
  integrity sha512-7T+Tj+qPrC7eLahrpGp1rg5pjml4t4lQFeQmfrYYvq393klJ5rwghrniwM0CP+kbkrockx84li4cxLFzKavbQw==

"@layerzerolabs/lz-evm-v1-0.7@^3.0.5":
  version "3.0.5"
  resolved "https://registry.yarnpkg.com/@layerzerolabs/lz-evm-v1-0.7/-/lz-evm-v1-0.7-3.0.5.tgz#4cbfdd937ab2cebdb1ba442da0731c0537ec6462"
  integrity sha512-bbcB29GgSHJn/ZWx/IzoAcqrSJh+y2hs1DP7HqYUWTt0k6tUQnajqgjU7OVNifDWgb52MXZFxs6cq5XMzvmAhw==

"@openzeppelin/contracts-upgradeable@^4.8.1":
  version "4.9.6"
  resolved "https://registry.yarnpkg.com/@openzeppelin/contracts-upgradeable/-/contracts-upgradeable-4.9.6.tgz#38b21708a719da647de4bb0e4802ee235a0d24df"
  integrity sha512-m4iHazOsOCv1DgM7eD7GupTJ+NFVujRZt1wzddDPSVGpWdKq1SKkla5htKG7+IS4d2XOCtzkUNwRZ7Vq5aEUMA==

"@openzeppelin/contracts@^4.8.1":
  version "4.9.6"
  resolved "https://registry.yarnpkg.com/@openzeppelin/contracts/-/contracts-4.9.6.tgz#2a880a24eb19b4f8b25adc2a5095f2aa27f39677"
  integrity sha512-xSmezSupL+y9VkHZJGDoCBpmnB2ogM13ccaYDWqJTfS3dbuHkgjuwDFUmaFauBCboQMGB/S5UqUl2y54X99BmA==
